
Microsoft Visual Studio Solution File, Format Version 12.00
# Visual Studio Version 17
VisualStudioVersion = 17.5.33414.496
MinimumVisualStudioVersion = 10.0.40219.1
Project("{FAE04EC0-301F-11D3-BF4B-00C04F79EFBC}") = "GalaxyQuest", "GalaxyQuest\GalaxyQuest.csproj", "{62DE8779-DE14-462E-A605-EC28BE2086D0}"
EndProject
Global
	GlobalSection(SolutionConfigurationPlatforms) = preSolution
		Debug|Any CPU = Debug|Any CPU
		Release|Any CPU = Release|Any CPU
	EndGlobalSection
	GlobalSection(ProjectConfigurationPlatforms) = postSolution
		{62DE8779-DE14-462E-A605-EC28BE2086D0}.Debug|Any CPU.ActiveCfg = Debug|Any CPU
		{62DE8779-DE14-462E-A605-EC28BE2086D0}.Debug|Any CPU.Build.0 = Debug|Any CPU
		{62DE8779-DE14-462E-A605-EC28BE2086D0}.Release|Any CPU.ActiveCfg = Release|Any CPU
		{62DE8779-DE14-462E-A605-EC28BE2086D0}.Release|Any CPU.Build.0 = Release|Any CPU
	EndGlobalSection
	GlobalSection(SolutionProperties) = preSolution
		HideSolutionNode = FALSE
	EndGlobalSection
	GlobalSection(ExtensibilityGlobals) = postSolution
		SolutionGuid = {D03E7789-6F62-4974-9EF6-D4E410ADDAB5}
	EndGlobalSection
EndGlobal
